// !$*UTF8*$!
{
	archiveVersion = 1;
	classes = {
	};
	objectVersion = 46;
	objects = {

/* Begin PBXBuildFile section */
		4B19746F1D220C6500E96156 /* AppDelegate.swift in Sources */ = {isa = PBXBuildFile; fileRef = 4B19746E1D220C6500E96156 /* AppDelegate.swift */; };
		4B1974711D220C6500E96156 /* ViewController.swift in Sources */ = {isa = PBXBuildFile; fileRef = 4B1974701D220C6500E96156 /* ViewController.swift */; };
		4B1974741D220C6500E96156 /* Main.storyboard in Resources */ = {isa = PBXBuildFile; fileRef = 4B1974721D220C6500E96156 /* Main.storyboard */; };
		4B1974761D220C6500E96156 /* Assets.xcassets in Resources */ = {isa = PBXBuildFile; fileRef = 4B1974751D220C6500E96156 /* Assets.xcassets */; };
		4B1974791D220C6500E96156 /* LaunchScreen.storyboard in Resources */ = {isa = PBXBuildFile; fileRef = 4B1974771D220C6500E96156 /* LaunchScreen.storyboard */; };
		4B1974841D220C6500E96156 /* SNTabBarVC_SwiftTests.swift in Sources */ = {isa = PBXBuildFile; fileRef = 4B1974831D220C6500E96156 /* SNTabBarVC_SwiftTests.swift */; };
		4B19748F1D220C6500E96156 /* SNTabBarVC_SwiftUITests.swift in Sources */ = {isa = PBXBuildFile; fileRef = 4B19748E1D220C6500E96156 /* SNTabBarVC_SwiftUITests.swift */; };
		4B19749E1D220C9000E96156 /* SNTabBar.swift in Sources */ = {isa = PBXBuildFile; fileRef = 4B19749D1D220C9000E96156 /* SNTabBar.swift */; };
		4B1974A01D220CA500E96156 /* SNTabBarController.swift in Sources */ = {isa = PBXBuildFile; fileRef = 4B19749F1D220CA500E96156 /* SNTabBarController.swift */; };
		4B1974A21D22110500E96156 /* SNTabBarItem.swift in Sources */ = {isa = PBXBuildFile; fileRef = 4B1974A11D22110500E96156 /* SNTabBarItem.swift */; };
		4B1974A41D225AB000E96156 /* SNConst.swift in Sources */ = {isa = PBXBuildFile; fileRef = 4B1974A31D225AB000E96156 /* SNConst.swift */; };
/* End PBXBuildFile section */

/* Begin PBXContainerItemProxy section */
		4B1974801D220C6500E96156 /* PBXContainerItemProxy */ = {
			isa = PBXContainerItemProxy;
			containerPortal = 4B1974631D220C6500E96156 /* Project object */;
			proxyType = 1;
			remoteGlobalIDString = 4B19746A1D220C6500E96156;
			remoteInfo = "SNTabBarVC-Swift";
		};
		4B19748B1D220C6500E96156 /* PBXContainerItemProxy */ = {
			isa = PBXContainerItemProxy;
			containerPortal = 4B1974631D220C6500E96156 /* Project object */;
			proxyType = 1;
			remoteGlobalIDString = 4B19746A1D220C6500E96156;
			remoteInfo = "SNTabBarVC-Swift";
		};
/* End PBXContainerItemProxy section */

/* Begin PBXFileReference section */
		4B19746B1D220C6500E96156 /* SNTabBarVC-Swift.app */ = {isa = PBXFileReference; explicitFileType = wrapper.application; includeInIndex = 0; path = "SNTabBarVC-Swift.app"; sourceTree = BUILT_PRODUCTS_DIR; };
		4B19746E1D220C6500E96156 /* AppDelegate.swift */ = {isa = PBXFileReference; lastKnownFileType = sourcecode.swift; path = AppDelegate.swift; sourceTree = "<group>"; };
		4B1974701D220C6500E96156 /* ViewController.swift */ = {isa = PBXFileReference; lastKnownFileType = sourcecode.swift; path = ViewController.swift; sourceTree = "<group>"; };
		4B1974731D220C6500E96156 /* Base */ = {isa = PBXFileReference; lastKnownFileType = file.storyboard; name = Base; path = Base.lproj/Main.storyboard; sourceTree = "<group>"; };
		4B1974751D220C6500E96156 /* Assets.xcassets */ = {isa = PBXFileReference; lastKnownFileType = folder.assetcatalog; path = Assets.xcassets; sourceTree = "<group>"; };
		4B1974781D220C6500E96156 /* Base */ = {isa = PBXFileReference; lastKnownFileType = file.storyboard; name = Base; path = Base.lproj/LaunchScreen.storyboard; sourceTree = "<group>"; };
		4B19747A1D220C6500E96156 /* Info.plist */ = {isa = PBXFileReference; lastKnownFileType = text.plist.xml; path = Info.plist; sourceTree = "<group>"; };
		4B19747F1D220C6500E96156 /* SNTabBarVC-SwiftTests.xctest */ = {isa = PBXFileReference; explicitFileType = wrapper.cfbundle; includeInIndex = 0; path = "SNTabBarVC-SwiftTests.xctest"; sourceTree = BUILT_PRODUCTS_DIR; };
		4B1974831D220C6500E96156 /* SNTabBarVC_SwiftTests.swift */ = {isa = PBXFileReference; lastKnownFileType = sourcecode.swift; path = SNTabBarVC_SwiftTests.swift; sourceTree = "<group>"; };
		4B1974851D220C6500E96156 /* Info.plist */ = {isa = PBXFileReference; lastKnownFileType = text.plist.xml; path = Info.plist; sourceTree = "<group>"; };
		4B19748A1D220C6500E96156 /* SNTabBarVC-SwiftUITests.xctest */ = {isa = PBXFileReference; explicitFileType = wrapper.cfbundle; includeInIndex = 0; path = "SNTabBarVC-SwiftUITests.xctest"; sourceTree = BUILT_PRODUCTS_DIR; };
		4B19748E1D220C6500E96156 /* SNTabBarVC_SwiftUITests.swift */ = {isa = PBXFileReference; lastKnownFileType = sourcecode.swift; path = SNTabBarVC_SwiftUITests.swift; sourceTree = "<group>"; };
		4B1974901D220C6500E96156 /* Info.plist */ = {isa = PBXFileReference; lastKnownFileType = text.plist.xml; path = Info.plist; sourceTree = "<group>"; };
		4B19749D1D220C9000E96156 /* SNTabBar.swift */ = {isa = PBXFileReference; fileEncoding = 4; lastKnownFileType = sourcecode.swift; path = SNTabBar.swift; sourceTree = "<group>"; };
		4B19749F1D220CA500E96156 /* SNTabBarController.swift */ = {isa = PBXFileReference; fileEncoding = 4; lastKnownFileType = sourcecode.swift; path = SNTabBarController.swift; sourceTree = "<group>"; };
		4B1974A11D22110500E96156 /* SNTabBarItem.swift */ = {isa = PBXFileReference; fileEncoding = 4; lastKnownFileType = sourcecode.swift; path = SNTabBarItem.swift; sourceTree = "<group>"; };
		4B1974A31D225AB000E96156 /* SNConst.swift */ = {isa = PBXFileReference; fileEncoding = 4; lastKnownFileType = sourcecode.swift; path = SNConst.swift; sourceTree = "<group>"; };
/* End PBXFileReference section */

/* Begin PBXFrameworksBuildPhase section */
		4B1974681D220C6500E96156 /* Frameworks */ = {
			isa = PBXFrameworksBuildPhase;
			buildActionMask = 2147483647;
			files = (
			);
			runOnlyForDeploymentPostprocessing = 0;
		};
		4B19747C1D220C6500E96156 /* Frameworks */ = {
			isa = PBXFrameworksBuildPhase;
			buildActionMask = 2147483647;
			files = (
			);
			runOnlyForDeploymentPostprocessing = 0;
		};
		4B1974871D220C6500E96156 /* Frameworks */ = {
			isa = PBXFrameworksBuildPhase;
			buildActionMask = 2147483647;
			files = (
			);
			runOnlyForDeploymentPostprocessing = 0;
		};
/* End PBXFrameworksBuildPhase section */

/* Begin PBXGroup section */
		4B1974621D220C6500E96156 = {
			isa = PBXGroup;
			children = (
				4B19746D1D220C6500E96156 /* SNTabBarVC-Swift */,
				4B1974821D220C6500E96156 /* SNTabBarVC-SwiftTests */,
				4B19748D1D220C6500E96156 /* SNTabBarVC-SwiftUITests */,
				4B19746C1D220C6500E96156 /* Products */,
			);
			sourceTree = "<group>";
		};
		4B19746C1D220C6500E96156 /* Products */ = {
			isa = PBXGroup;
			children = (
				4B19746B1D220C6500E96156 /* SNTabBarVC-Swift.app */,
				4B19747F1D220C6500E96156 /* SNTabBarVC-SwiftTests.xctest */,
				4B19748A1D220C6500E96156 /* SNTabBarVC-SwiftUITests.xctest */,
			);
			name = Products;
			sourceTree = "<group>";
		};
		4B19746D1D220C6500E96156 /* SNTabBarVC-Swift */ = {
			isa = PBXGroup;
			children = (
				4B19749C1D220C7E00E96156 /* SNTabBarVC */,
				4B19746E1D220C6500E96156 /* AppDelegate.swift */,
				4B1974701D220C6500E96156 /* ViewController.swift */,
				4B1974721D220C6500E96156 /* Main.storyboard */,
				4B1974751D220C6500E96156 /* Assets.xcassets */,
				4B1974771D220C6500E96156 /* LaunchScreen.storyboard */,
				4B19747A1D220C6500E96156 /* Info.plist */,
			);
			path = "SNTabBarVC-Swift";
			sourceTree = "<group>";
		};
		4B1974821D220C6500E96156 /* SNTabBarVC-SwiftTests */ = {
			isa = PBXGroup;
			children = (
				4B1974831D220C6500E96156 /* SNTabBarVC_SwiftTests.swift */,
				4B1974851D220C6500E96156 /* Info.plist */,
			);
			path = "SNTabBarVC-SwiftTests";
			sourceTree = "<group>";
		};
		4B19748D1D220C6500E96156 /* SNTabBarVC-SwiftUITests */ = {
			isa = PBXGroup;
			children = (
				4B19748E1D220C6500E96156 /* SNTabBarVC_SwiftUITests.swift */,
				4B1974901D220C6500E96156 /* Info.plist */,
			);
			path = "SNTabBarVC-SwiftUITests";
			sourceTree = "<group>";
		};
		4B19749C1D220C7E00E96156 /* SNTabBarVC */ = {
			isa = PBXGroup;
			children = (
				4B19749D1D220C9000E96156 /* SNTabBar.swift */,
				4B19749F1D220CA500E96156 /* SNTabBarController.swift */,
				4B1974A11D22110500E96156 /* SNTabBarItem.swift */,
				4B1974A31D225AB000E96156 /* SNConst.swift */,
			);
			path = SNTabBarVC;
			sourceTree = "<group>";
		};
/* End PBXGroup section */

/* Begin PBXNativeTarget section */
		4B19746A1D220C6500E96156 /* SNTabBarVC-Swift */ = {
			isa = PBXNativeTarget;
			buildConfigurationList = 4B1974931D220C6500E96156 /* Build configuration list for PBXNativeTarget "SNTabBarVC-Swift" */;
			buildPhases = (
				4B1974671D220C6500E96156 /* Sources */,
				4B1974681D220C6500E96156 /* Frameworks */,
				4B1974691D220C6500E96156 /* Resources */,
			);
			buildRules = (
			);
			dependencies = (
			);
			name = "SNTabBarVC-Swift";
			productName = "SNTabBarVC-Swift";
			productReference = 4B19746B1D220C6500E96156 /* SNTabBarVC-Swift.app */;
			productType = "com.apple.product-type.application";
		};
		4B19747E1D220C6500E96156 /* SNTabBarVC-SwiftTests */ = {
			isa = PBXNativeTarget;
			buildConfigurationList = 4B1974961D220C6500E96156 /* Build configuration list for PBXNativeTarget "SNTabBarVC-SwiftTests" */;
			buildPhases = (
				4B19747B1D220C6500E96156 /* Sources */,
				4B19747C1D220C6500E96156 /* Frameworks */,
				4B19747D1D220C6500E96156 /* Resources */,
			);
			buildRules = (
			);
			dependencies = (
				4B1974811D220C6500E96156 /* PBXTargetDependency */,
			);
			name = "SNTabBarVC-SwiftTests";
			productName = "SNTabBarVC-SwiftTests";
			productReference = 4B19747F1D220C6500E96156 /* SNTabBarVC-SwiftTests.xctest */;
			productType = "com.apple.product-type.bundle.unit-test";
		};
		4B1974891D220C6500E96156 /* SNTabBarVC-SwiftUITests */ = {
			isa = PBXNativeTarget;
			buildConfigurationList = 4B1974991D220C6500E96156 /* Build configuration list for PBXNativeTarget "SNTabBarVC-SwiftUITests" */;
			buildPhases = (
				4B1974861D220C6500E96156 /* Sources */,
				4B1974871D220C6500E96156 /* Frameworks */,
				4B1974881D220C6500E96156 /* Resources */,
			);
			buildRules = (
			);
			dependencies = (
				4B19748C1D220C6500E96156 /* PBXTargetDependency */,
			);
			name = "SNTabBarVC-SwiftUITests";
			productName = "SNTabBarVC-SwiftUITests";
			productReference = 4B19748A1D220C6500E96156 /* SNTabBarVC-SwiftUITests.xctest */;
			productType = "com.apple.product-type.bundle.ui-testing";
		};
/* End PBXNativeTarget section */

/* Begin PBXProject section */
		4B1974631D220C6500E96156 /* Project object */ = {
			isa = PBXProject;
			attributes = {
				LastSwiftUpdateCheck = 0730;
				LastUpgradeCheck = 0730;
				ORGANIZATIONNAME = wangsen;
				TargetAttributes = {
					4B19746A1D220C6500E96156 = {
						CreatedOnToolsVersion = 7.3;
					};
					4B19747E1D220C6500E96156 = {
						CreatedOnToolsVersion = 7.3;
						TestTargetID = 4B19746A1D220C6500E96156;
					};
					4B1974891D220C6500E96156 = {
						CreatedOnToolsVersion = 7.3;
						TestTargetID = 4B19746A1D220C6500E96156;
					};
				};
			};
			buildConfigurationList = 4B1974661D220C6500E96156 /* Build configuration list for PBXProject "SNTabBarVC-Swift" */;
			compatibilityVersion = "Xcode 3.2";
			developmentRegion = English;
			hasScannedForEncodings = 0;
			knownRegions = (
				en,
				Base,
			);
			mainGroup = 4B1974621D220C6500E96156;
			productRefGroup = 4B19746C1D220C6500E96156 /* Products */;
			projectDirPath = "";
			projectRoot = "";
			targets = (
				4B19746A1D220C6500E96156 /* SNTabBarVC-Swift */,
				4B19747E1D220C6500E96156 /* SNTabBarVC-SwiftTests */,
				4B1974891D220C6500E96156 /* SNTabBarVC-SwiftUITests */,
			);
		};
/* End PBXProject section */

/* Begin PBXResourcesBuildPhase section */
		4B1974691D220C6500E96156 /* Resources */ = {
			isa = PBXResourcesBuildPhase;
			buildActionMask = 2147483647;
			files = (
				4B1974791D220C6500E96156 /* LaunchScreen.storyboard in Resources */,
				4B1974761D220C6500E96156 /* Assets.xcassets in Resources */,
				4B1974741D220C6500E96156 /* Main.storyboard in Resources */,
			);
			runOnlyForDeploymentPostprocessing = 0;
		};
		4B19747D1D220C6500E96156 /* Resources */ = {
			isa = PBXResourcesBuildPhase;
			buildActionMask = 2147483647;
			files = (
			);
			runOnlyForDeploymentPostprocessing = 0;
		};
		4B1974881D220C6500E96156 /* Resources */ = {
			isa = PBXResourcesBuildPhase;
			buildActionMask = 2147483647;
			files = (
			);
			runOnlyForDeploymentPostprocessing = 0;
		};
/* End PBXResourcesBuildPhase section */

/* Begin PBXSourcesBuildPhase section */
		4B1974671D220C6500E96156 /* Sources */ = {
			isa = PBXSourcesBuildPhase;
			buildActionMask = 2147483647;
			files = (
				4B19749E1D220C9000E96156 /* SNTabBar.swift in Sources */,
				4B1974A01D220CA500E96156 /* SNTabBarController.swift in Sources */,
				4B1974A21D22110500E96156 /* SNTabBarItem.swift in Sources */,
				4B1974711D220C6500E96156 /* ViewController.swift in Sources */,
				4B1974A41D225AB000E96156 /* SNConst.swift in Sources */,
				4B19746F1D220C6500E96156 /* AppDelegate.swift in Sources */,
			);
			runOnlyForDeploymentPostprocessing = 0;
		};
		4B19747B1D220C6500E96156 /* Sources */ = {
			isa = PBXSourcesBuildPhase;
			buildActionMask = 2147483647;
			files = (
				4B1974841D220C6500E96156 /* SNTabBarVC_SwiftTests.swift in Sources */,
			);
			runOnlyForDeploymentPostprocessing = 0;
		};
		4B1974861D220C6500E96156 /* Sources */ = {
			isa = PBXSourcesBuildPhase;
			buildActionMask = 2147483647;
			files = (
				4B19748F1D220C6500E96156 /* SNTabBarVC_SwiftUITests.swift in Sources */,
			);
			runOnlyForDeploymentPostprocessing = 0;
		};
/* End PBXSourcesBuildPhase section */

/* Begin PBXTargetDependency section */
		4B1974811D220C6500E96156 /* PBXTargetDependency */ = {
			isa = PBXTargetDependency;
			target = 4B19746A1D220C6500E96156 /* SNTabBarVC-Swift */;
			targetProxy = 4B1974801D220C6500E96156 /* PBXContainerItemProxy */;
		};
		4B19748C1D220C6500E96156 /* PBXTargetDependency */ = {
			isa = PBXTargetDependency;
			target = 4B19746A1D220C6500E96156 /* SNTabBarVC-Swift */;
			targetProxy = 4B19748B1D220C6500E96156 /* PBXContainerItemProxy */;
		};
/* End PBXTargetDependency section */

/* Begin PBXVariantGroup section */
		4B1974721D220C6500E96156 /* Main.storyboard */ = {
			isa = PBXVariantGroup;
			children = (
				4B1974731D220C6500E96156 /* Base */,
			);
			name = Main.storyboard;
			sourceTree = "<group>";
		};
		4B1974771D220C6500E96156 /* LaunchScreen.storyboard */ = {
			isa = PBXVariantGroup;
			children = (
				4B1974781D220C6500E96156 /* Base */,
			);
			name = LaunchScreen.storyboard;
			sourceTree = "<group>";
		};
/* End PBXVariantGroup section */

/* Begin XCBuildConfiguration section */
		4B1974911D220C6500E96156 /* Debug */ = {
			isa = XCBuildConfiguration;
			buildSettings = {
				ALWAYS_SEARCH_USER_PATHS = NO;
				CLANG_ANALYZER_NONNULL = YES;
				CLANG_CXX_LANGUAGE_STANDARD = "gnu++0x";
				CLANG_CXX_LIBRARY = "libc++";
				CLANG_ENABLE_MODULES = YES;
				CLANG_ENABLE_OBJC_ARC = YES;
				CLANG_WARN_BOOL_CONVERSION = YES;
				CLANG_WARN_CONSTANT_CONVERSION = YES;
				CLANG_WARN_DIRECT_OBJC_ISA_USAGE = YES_ERROR;
				CLANG_WARN_EMPTY_BODY = YES;
				CLANG_WARN_ENUM_CONVERSION = YES;
				CLANG_WARN_INT_CONVERSION = YES;
				CLANG_WARN_OBJC_ROOT_CLASS = YES_ERROR;
				CLANG_WARN_UNREACHABLE_CODE = YES;
				CLANG_WARN__DUPLICATE_METHOD_MATCH = YES;
				"CODE_SIGN_IDENTITY[sdk=iphoneos*]" = "iPhone Developer";
				COPY_PHASE_STRIP = NO;
				DEBUG_INFORMATION_FORMAT = dwarf;
				ENABLE_STRICT_OBJC_MSGSEND = YES;
				ENABLE_TESTABILITY = YES;
				GCC_C_LANGUAGE_STANDARD = gnu99;
				GCC_DYNAMIC_NO_PIC = NO;
				GCC_NO_COMMON_BLOCKS = YES;
				GCC_OPTIMIZATION_LEVEL = 0;
				GCC_PREPROCESSOR_DEFINITIONS = (
					"DEBUG=1",
					"$(inherited)",
				);
				GCC_WARN_64_TO_32_BIT_CONVERSION = YES;
				GCC_WARN_ABOUT_RETURN_TYPE = YES_ERROR;
				GCC_WARN_UNDECLARED_SELECTOR = YES;
				GCC_WARN_UNINITIALIZED_AUTOS = YES_AGGRESSIVE;
				GCC_WARN_UNUSED_FUNCTION = YES;
				GCC_WARN_UNUSED_VARIABLE = YES;
				IPHONEOS_DEPLOYMENT_TARGET = 9.3;
				MTL_ENABLE_DEBUG_INFO = YES;
				ONLY_ACTIVE_ARCH = YES;
				SDKROOT = iphoneos;
				SWIFT_OPTIMIZATION_LEVEL = "-Onone";
			};
			name = Debug;
		};
		4B1974921D220C6500E96156 /* Release */ = {
			isa = XCBuildConfiguration;
			buildSettings = {
				ALWAYS_SEARCH_USER_PATHS = NO;
				CLANG_ANALYZER_NONNULL = YES;
				CLANG_CXX_LANGUAGE_STANDARD = "gnu++0x";
				CLANG_CXX_LIBRARY = "libc++";
				CLANG_ENABLE_MODULES = YES;
				CLANG_ENABLE_OBJC_ARC = YES;
				CLANG_WARN_BOOL_CONVERSION = YES;
				CLANG_WARN_CONSTANT_CONVERSION = YES;
				CLANG_WARN_DIRECT_OBJC_ISA_USAGE = YES_ERROR;
				CLANG_WARN_EMPTY_BODY = YES;
				CLANG_WARN_ENUM_CONVERSION = YES;
				CLANG_WARN_INT_CONVERSION = YES;
				CLANG_WARN_OBJC_ROOT_CLASS = YES_ERROR;
				CLANG_WARN_UNREACHABLE_CODE = YES;
				CLANG_WARN__DUPLICATE_METHOD_MATCH = YES;
				"CODE_SIGN_IDENTITY[sdk=iphoneos*]" = "iPhone Developer";
				COPY_PHASE_STRIP = NO;
				DEBUG_INFORMATION_FORMAT = "dwarf-with-dsym";
				ENABLE_NS_ASSERTIONS = NO;
				ENABLE_STRICT_OBJC_MSGSEND = YES;
				GCC_C_LANGUAGE_STANDARD = gnu99;
				GCC_NO_COMMON_BLOCKS = YES;
				GCC_WARN_64_TO_32_BIT_CONVERSION = YES;
				GCC_WARN_ABOUT_RETURN_TYPE = YES_ERROR;
				GCC_WARN_UNDECLARED_SELECTOR = YES;
				GCC_WARN_UNINITIALIZED_AUTOS = YES_AGGRESSIVE;
				GCC_WARN_UNUSED_FUNCTION = YES;
				GCC_WARN_UNUSED_VARIABLE = YES;
				IPHONEOS_DEPLOYMENT_TARGET = 9.3;
				MTL_ENABLE_DEBUG_INFO = NO;
				SDKROOT = iphoneos;
				VALIDATE_PRODUCT = YES;
			};
			name = Release;
		};
		4B1974941D220C6500E96156 /* Debug */ = {
			isa = XCBuildConfiguration;
			buildSettings = {
				ASSETCATALOG_COMPILER_APPICON_NAME = AppIcon;
				INFOPLIST_FILE = "SNTabBarVC-Swift/Info.plist";
				LD_RUNPATH_SEARCH_PATHS = "$(inherited) @executable_path/Frameworks";
				PRODUCT_BUNDLE_IDENTIFIER = "com.sn.SNTabBarVC-Swift";
				PRODUCT_NAME = "$(TARGET_NAME)";
			};
			name = Debug;
		};
		4B1974951D220C6500E96156 /* Release */ = {
			isa = XCBuildConfiguration;
			buildSettings = {
				ASSETCATALOG_COMPILER_APPICON_NAME = AppIcon;
				INFOPLIST_FILE = "SNTabBarVC-Swift/Info.plist";
				LD_RUNPATH_SEARCH_PATHS = "$(inherited) @executable_path/Frameworks";
				PRODUCT_BUNDLE_IDENTIFIER = "com.sn.SNTabBarVC-Swift";
				PRODUCT_NAME = "$(TARGET_NAME)";
			};
			name = Release;
		};
		4B1974971D220C6500E96156 /* Debug */ = {
			isa = XCBuildConfiguration;
			buildSettings = {
				BUNDLE_LOADER = "$(TEST_HOST)";
				INFOPLIST_FILE = "SNTabBarVC-SwiftTests/Info.plist";
				LD_RUNPATH_SEARCH_PATHS = "$(inherited) @executable_path/Frameworks @loader_path/Frameworks";
				PRODUCT_BUNDLE_IDENTIFIER = "com.sn.SNTabBarVC-SwiftTests";
				PRODUCT_NAME = "$(TARGET_NAME)";
				TEST_HOST = "$(BUILT_PRODUCTS_DIR)/SNTabBarVC-Swift.app/SNTabBarVC-Swift";
			};
			name = Debug;
		};
		4B1974981D220C6500E96156 /* Release */ = {
			isa = XCBuildConfiguration;
			buildSettings = {
				BUNDLE_LOADER = "$(TEST_HOST)";
				INFOPLIST_FILE = "SNTabBarVC-SwiftTests/Info.plist";
				LD_RUNPATH_SEARCH_PATHS = "$(inherited) @executable_path/Frameworks @loader_path/Frameworks";
				PRODUCT_BUNDLE_IDENTIFIER = "com.sn.SNTabBarVC-SwiftTests";
				PRODUCT_NAME = "$(TARGET_NAME)";
				TEST_HOST = "$(BUILT_PRODUCTS_DIR)/SNTabBarVC-Swift.app/SNTabBarVC-Swift";
			};
			name = Release;
		};
		4B19749A1D220C6500E96156 /* Debug */ = {
			isa = XCBuildConfiguration;
			buildSettings = {
				INFOPLIST_FILE = "SNTabBarVC-SwiftUITests/Info.plist";
				LD_RUNPATH_SEARCH_PATHS = "$(inherited) @executable_path/Frameworks @loader_path/Frameworks";
				PRODUCT_BUNDLE_IDENTIFIER = "com.sn.SNTabBarVC-SwiftUITests";
				PRODUCT_NAME = "$(TARGET_NAME)";
				TEST_TARGET_NAME = "SNTabBarVC-Swift";
			};
			name = Debug;
		};
		4B19749B1D220C6500E96156 /* Release */ = {
			isa = XCBuildConfiguration;
			buildSettings = {
				INFOPLIST_FILE = "SNTabBarVC-SwiftUITests/Info.plist";
				LD_RUNPATH_SEARCH_PATHS = "$(inherited) @executable_path/Frameworks @loader_path/Frameworks";
				PRODUCT_BUNDLE_IDENTIFIER = "com.sn.SNTabBarVC-SwiftUITests";
				PRODUCT_NAME = "$(TARGET_NAME)";
				TEST_TARGET_NAME = "SNTabBarVC-Swift";
			};
			name = Release;
		};
/* End XCBuildConfiguration section */

/* Begin XCConfigurationList section */
		4B1974661D220C6500E96156 /* Build configuration list for PBXProject "SNTabBarVC-Swift" */ = {
			isa = XCConfigurationList;
			buildConfigurations = (
				4B1974911D220C6500E96156 /* Debug */,
				4B1974921D220C6500E96156 /* Release */,
			);
			defaultConfigurationIsVisible = 0;
			defaultConfigurationName = Release;
		};
		4B1974931D220C6500E96156 /* Build configuration list for PBXNativeTarget "SNTabBarVC-Swift" */ = {
			isa = XCConfigurationList;
			buildConfigurations = (
				4B1974941D220C6500E96156 /* Debug */,
				4B1974951D220C6500E96156 /* Release */,
			);
			defaultConfigurationIsVisible = 0;
		};
		4B1974961D220C6500E96156 /* Build configuration list for PBXNativeTarget "SNTabBarVC-SwiftTests" */ = {
			isa = XCConfigurationList;
			buildConfigurations = (
				4B1974971D220C6500E96156 /* Debug */,
				4B1974981D220C6500E96156 /* Release */,
			);
			defaultConfigurationIsVisible = 0;
		};
		4B1974991D220C6500E96156 /* Build configuration list for PBXNativeTarget "SNTabBarVC-SwiftUITests" */ = {
			isa = XCConfigurationList;
			buildConfigurations = (
				4B19749A1D220C6500E96156 /* Debug */,
				4B19749B1D220C6500E96156 /* Release */,
			);
			defaultConfigurationIsVisible = 0;
		};
/* End XCConfigurationList section */
	};
	rootObject = 4B1974631D220C6500E96156 /* Project object */;
}
